
Microsoft Visual Studio Solution File, Format Version 12.00
# Visual Studio Version 16
VisualStudioVersion = 16.0.30011.22
MinimumVisualStudioVersion = 10.0.40219.1
Project("{FAE04EC0-301F-11D3-BF4B-00C04F79EFBC}") = "FlipView.Android", "FlipView\FlipView.Android\FlipView.Android.csproj", "{1551295E-6207-4811-B56E-DF32D41FAEC5}"
EndProject
Project("{FAE04EC0-301F-11D3-BF4B-00C04F79EFBC}") = "FlipView.iOS", "FlipView\FlipView.iOS\FlipView.iOS.csproj", "{23D52886-2168-489F-A781-217098A4A281}"
EndProject
Project("{FAE04EC0-301F-11D3-BF4B-00C04F79EFBC}") = "FlipView", "FlipView\FlipView\FlipView.csproj", "{CE1104A6-D8E3-40FF-8C51-B3DE4FE1B167}"
EndProject
Global
	GlobalSection(SolutionConfigurationPlatforms) = preSolution
		Debug|Any CPU = Debug|Any CPU
		Debug|iPhone = Debug|iPhone
		Debug|iPhoneSimulator = Debug|iPhoneSimulator
		Release|Any CPU = Release|Any CPU
		Release|iPhone = Release|iPhone
		Release|iPhoneSimulator = Release|iPhoneSimulator
	EndGlobalSection
	GlobalSection(ProjectConfigurationPlatforms) = postSolution
		{1551295E-6207-4811-B56E-DF32D41FAEC5}.Debug|Any CPU.ActiveCfg = Debug|Any CPU
		{1551295E-6207-4811-B56E-DF32D41FAEC5}.Debug|Any CPU.Build.0 = Debug|Any CPU
		{1551295E-6207-4811-B56E-DF32D41FAEC5}.Debug|Any CPU.Deploy.0 = Debug|Any CPU
		{1551295E-6207-4811-B56E-DF32D41FAEC5}.Debug|iPhone.ActiveCfg = Debug|Any CPU
		{1551295E-6207-4811-B56E-DF32D41FAEC5}.Debug|iPhone.Build.0 = Debug|Any CPU
		{1551295E-6207-4811-B56E-DF32D41FAEC5}.Debug|iPhone.Deploy.0 = Debug|Any CPU
		{1551295E-6207-4811-B56E-DF32D41FAEC5}.Debug|iPhoneSimulator.ActiveCfg = Debug|Any CPU
		{1551295E-6207-4811-B56E-DF32D41FAEC5}.Debug|iPhoneSimulator.Build.0 = Debug|Any CPU
		{1551295E-6207-4811-B56E-DF32D41FAEC5}.Debug|iPhoneSimulator.Deploy.0 = Debug|Any CPU
		{1551295E-6207-4811-B56E-DF32D41FAEC5}.Release|Any CPU.ActiveCfg = Release|Any CPU
		{1551295E-6207-4811-B56E-DF32D41FAEC5}.Release|Any CPU.Build.0 = Release|Any CPU
		{1551295E-6207-4811-B56E-DF32D41FAEC5}.Release|Any CPU.Deploy.0 = Release|Any CPU
		{1551295E-6207-4811-B56E-DF32D41FAEC5}.Release|iPhone.ActiveCfg = Release|Any CPU
		{1551295E-6207-4811-B56E-DF32D41FAEC5}.Release|iPhone.Build.0 = Release|Any CPU
		{1551295E-6207-4811-B56E-DF32D41FAEC5}.Release|iPhone.Deploy.0 = Release|Any CPU
		{1551295E-6207-4811-B56E-DF32D41FAEC5}.Release|iPhoneSimulator.ActiveCfg = Release|Any CPU
		{1551295E-6207-4811-B56E-DF32D41FAEC5}.Release|iPhoneSimulator.Build.0 = Release|Any CPU
		{1551295E-6207-4811-B56E-DF32D41FAEC5}.Release|iPhoneSimulator.Deploy.0 = Release|Any CPU
		{23D52886-2168-489F-A781-217098A4A281}.Debug|Any CPU.ActiveCfg = Debug|iPhone
		{23D52886-2168-489F-A781-217098A4A281}.Debug|Any CPU.Build.0 = Debug|iPhone
		{23D52886-2168-489F-A781-217098A4A281}.Debug|Any CPU.Deploy.0 = Debug|iPhone
		{23D52886-2168-489F-A781-217098A4A281}.Debug|iPhone.ActiveCfg = Debug|iPhone
		{23D52886-2168-489F-A781-217098A4A281}.Debug|iPhone.Build.0 = Debug|iPhone
		{23D52886-2168-489F-A781-217098A4A281}.Debug|iPhone.Deploy.0 = Debug|iPhone
		{23D52886-2168-489F-A781-217098A4A281}.Debug|iPhoneSimulator.ActiveCfg = Debug|iPhoneSimulator
		{23D52886-2168-489F-A781-217098A4A281}.Debug|iPhoneSimulator.Build.0 = Debug|iPhoneSimulator
		{23D52886-2168-489F-A781-217098A4A281}.Debug|iPhoneSimulator.Deploy.0 = Debug|iPhoneSimulator
		{23D52886-2168-489F-A781-217098A4A281}.Release|Any CPU.ActiveCfg = Release|iPhone
		{23D52886-2168-489F-A781-217098A4A281}.Release|Any CPU.Build.0 = Release|iPhone
		{23D52886-2168-489F-A781-217098A4A281}.Release|Any CPU.Deploy.0 = Release|iPhone
		{23D52886-2168-489F-A781-217098A4A281}.Release|iPhone.ActiveCfg = Release|iPhone
		{23D52886-2168-489F-A781-217098A4A281}.Release|iPhone.Build.0 = Release|iPhone
		{23D52886-2168-489F-A781-217098A4A281}.Release|iPhone.Deploy.0 = Release|iPhone
		{23D52886-2168-489F-A781-217098A4A281}.Release|iPhoneSimulator.ActiveCfg = Release|iPhoneSimulator
		{23D52886-2168-489F-A781-217098A4A281}.Release|iPhoneSimulator.Build.0 = Release|iPhoneSimulator
		{23D52886-2168-489F-A781-217098A4A281}.Release|iPhoneSimulator.Deploy.0 = Release|iPhoneSimulator
		{CE1104A6-D8E3-40FF-8C51-B3DE4FE1B167}.Debug|Any CPU.ActiveCfg = Debug|Any CPU
		{CE1104A6-D8E3-40FF-8C51-B3DE4FE1B167}.Debug|Any CPU.Build.0 = Debug|Any CPU
		{CE1104A6-D8E3-40FF-8C51-B3DE4FE1B167}.Debug|Any CPU.Deploy.0 = Debug|Any CPU
		{CE1104A6-D8E3-40FF-8C51-B3DE4FE1B167}.Debug|iPhone.ActiveCfg = Debug|Any CPU
		{CE1104A6-D8E3-40FF-8C51-B3DE4FE1B167}.Debug|iPhone.Build.0 = Debug|Any CPU
		{CE1104A6-D8E3-40FF-8C51-B3DE4FE1B167}.Debug|iPhone.Deploy.0 = Debug|Any CPU
		{CE1104A6-D8E3-40FF-8C51-B3DE4FE1B167}.Debug|iPhoneSimulator.ActiveCfg = Debug|Any CPU
		{CE1104A6-D8E3-40FF-8C51-B3DE4FE1B167}.Debug|iPhoneSimulator.Build.0 = Debug|Any CPU
		{CE1104A6-D8E3-40FF-8C51-B3DE4FE1B167}.Debug|iPhoneSimulator.Deploy.0 = Debug|Any CPU
		{CE1104A6-D8E3-40FF-8C51-B3DE4FE1B167}.Release|Any CPU.ActiveCfg = Release|Any CPU
		{CE1104A6-D8E3-40FF-8C51-B3DE4FE1B167}.Release|Any CPU.Build.0 = Release|Any CPU
		{CE1104A6-D8E3-40FF-8C51-B3DE4FE1B167}.Release|Any CPU.Deploy.0 = Release|Any CPU
		{CE1104A6-D8E3-40FF-8C51-B3DE4FE1B167}.Release|iPhone.ActiveCfg = Release|Any CPU
		{CE1104A6-D8E3-40FF-8C51-B3DE4FE1B167}.Release|iPhone.Build.0 = Release|Any CPU
		{CE1104A6-D8E3-40FF-8C51-B3DE4FE1B167}.Release|iPhone.Deploy.0 = Release|Any CPU
		{CE1104A6-D8E3-40FF-8C51-B3DE4FE1B167}.Release|iPhoneSimulator.ActiveCfg = Release|Any CPU
		{CE1104A6-D8E3-40FF-8C51-B3DE4FE1B167}.Release|iPhoneSimulator.Build.0 = Release|Any CPU
		{CE1104A6-D8E3-40FF-8C51-B3DE4FE1B167}.Release|iPhoneSimulator.Deploy.0 = Release|Any CPU
	EndGlobalSection
	GlobalSection(SolutionProperties) = preSolution
		HideSolutionNode = FALSE
	EndGlobalSection
	GlobalSection(ExtensibilityGlobals) = postSolution
		SolutionGuid = {EB283150-C490-4829-AF14-FCA97AAA2A62}
	EndGlobalSection
EndGlobal
